// !$*UTF8*$!
{
	archiveVersion = 1;
	classes = {
	};
	objectVersion = 46;
	objects = {

/* Begin PBXBuildFile section */
		86CCF9D41ADF7E3000D5EB22 /* main.m in Sources */ = {isa = PBXBuildFile; fileRef = 86CCF9D31ADF7E3000D5EB22 /* main.m */; };
		86CCF9D71ADF7E3000D5EB22 /* AppDelegate.m in Sources */ = {isa = PBXBuildFile; fileRef = 86CCF9D61ADF7E3000D5EB22 /* AppDelegate.m */; };
		86CCF9DA1ADF7E3000D5EB22 /* ViewController.m in Sources */ = {isa = PBXBuildFile; fileRef = 86CCF9D91ADF7E3000D5EB22 /* ViewController.m */; };
		86CCF9DD1ADF7E3000D5EB22 /* Main.storyboard in Resources */ = {isa = PBXBuildFile; fileRef = 86CCF9DB1ADF7E3000D5EB22 /* Main.storyboard */; };
		86CCF9DF1ADF7E3000D5EB22 /* Images.xcassets in Resources */ = {isa = PBXBuildFile; fileRef = 86CCF9DE1ADF7E3000D5EB22 /* Images.xcassets */; };
		86CCF9E21ADF7E3000D5EB22 /* LaunchScreen.xib in Resources */ = {isa = PBXBuildFile; fileRef = 86CCF9E01ADF7E3000D5EB22 /* LaunchScreen.xib */; };
		86CCF9EE1ADF7E3000D5EB22 /* MapCircleDrawWithPositionTests.m in Sources */ = {isa = PBXBuildFile; fileRef = 86CCF9ED1ADF7E3000D5EB22 /* MapCircleDrawWithPositionTests.m */; };
		86CCFA011ADF7F6300D5EB22 /* DBMapSelectorGestureRecognizer.m in Sources */ = {isa = PBXBuildFile; fileRef = 86CCF9FE1ADF7F6300D5EB22 /* DBMapSelectorGestureRecognizer.m */; };
		86CCFA021ADF7F6300D5EB22 /* DBMapSelectorViewController.m in Sources */ = {isa = PBXBuildFile; fileRef = 86CCFA001ADF7F6300D5EB22 /* DBMapSelectorViewController.m */; };
		86CCFA071ADF7FB300D5EB22 /* DBMapSelectorAnnotation.m in Sources */ = {isa = PBXBuildFile; fileRef = 86CCFA061ADF7FB300D5EB22 /* DBMapSelectorAnnotation.m */; };
		86CCFA0C1ADF7FBE00D5EB22 /* DBMapSelectorOverlay.m in Sources */ = {isa = PBXBuildFile; fileRef = 86CCFA091ADF7FBE00D5EB22 /* DBMapSelectorOverlay.m */; };
		86CCFA0D1ADF7FBE00D5EB22 /* DBMapSelectorOverlayRenderer.m in Sources */ = {isa = PBXBuildFile; fileRef = 86CCFA0B1ADF7FBE00D5EB22 /* DBMapSelectorOverlayRenderer.m */; };
		86CCFA0F1ADF7FFD00D5EB22 /* CoreLocation.framework in Frameworks */ = {isa = PBXBuildFile; fileRef = 86CCFA0E1ADF7FFD00D5EB22 /* CoreLocation.framework */; };
		86CCFA111ADF800600D5EB22 /* MapKit.framework in Frameworks */ = {isa = PBXBuildFile; fileRef = 86CCFA101ADF800600D5EB22 /* MapKit.framework */; };
/* End PBXBuildFile section */

/* Begin PBXContainerItemProxy section */
		86CCF9E81ADF7E3000D5EB22 /* PBXContainerItemProxy */ = {
			isa = PBXContainerItemProxy;
			containerPortal = 86CCF9C61ADF7E3000D5EB22 /* Project object */;
			proxyType = 1;
			remoteGlobalIDString = 86CCF9CD1ADF7E3000D5EB22;
			remoteInfo = MapCircleDrawWithPosition;
		};
/* End PBXContainerItemProxy section */

/* Begin PBXFileReference section */
		86CCF9CE1ADF7E3000D5EB22 /* MapCircleDrawWithPosition.app */ = {isa = PBXFileReference; explicitFileType = wrapper.application; includeInIndex = 0; path = MapCircleDrawWithPosition.app; sourceTree = BUILT_PRODUCTS_DIR; };
		86CCF9D21ADF7E3000D5EB22 /* Info.plist */ = {isa = PBXFileReference; lastKnownFileType = text.plist.xml; path = Info.plist; sourceTree = "<group>"; };
		86CCF9D31ADF7E3000D5EB22 /* main.m */ = {isa = PBXFileReference; lastKnownFileType = sourcecode.c.objc; path = main.m; sourceTree = "<group>"; };
		86CCF9D51ADF7E3000D5EB22 /* AppDelegate.h */ = {isa = PBXFileReference; lastKnownFileType = sourcecode.c.h; path = AppDelegate.h; sourceTree = "<group>"; };
		86CCF9D61ADF7E3000D5EB22 /* AppDelegate.m */ = {isa = PBXFileReference; lastKnownFileType = sourcecode.c.objc; path = AppDelegate.m; sourceTree = "<group>"; };
		86CCF9D81ADF7E3000D5EB22 /* ViewController.h */ = {isa = PBXFileReference; lastKnownFileType = sourcecode.c.h; name = ViewController.h; path = MapCircleDrawWithPosition/ViewController.h; sourceTree = "<group>"; };
		86CCF9D91ADF7E3000D5EB22 /* ViewController.m */ = {isa = PBXFileReference; lastKnownFileType = sourcecode.c.objc; name = ViewController.m; path = MapCircleDrawWithPosition/ViewController.m; sourceTree = "<group>"; };
		86CCF9DC1ADF7E3000D5EB22 /* Base */ = {isa = PBXFileReference; lastKnownFileType = file.storyboard; name = Base; path = Base.lproj/Main.storyboard; sourceTree = "<group>"; };
		86CCF9DE1ADF7E3000D5EB22 /* Images.xcassets */ = {isa = PBXFileReference; lastKnownFileType = folder.assetcatalog; path = Images.xcassets; sourceTree = "<group>"; };
		86CCF9E11ADF7E3000D5EB22 /* Base */ = {isa = PBXFileReference; lastKnownFileType = file.xib; name = Base; path = Base.lproj/LaunchScreen.xib; sourceTree = "<group>"; };
		86CCF9E71ADF7E3000D5EB22 /* MapCircleDrawWithPositionTests.xctest */ = {isa = PBXFileReference; explicitFileType = wrapper.cfbundle; includeInIndex = 0; path = MapCircleDrawWithPositionTests.xctest; sourceTree = BUILT_PRODUCTS_DIR; };
		86CCF9EC1ADF7E3000D5EB22 /* Info.plist */ = {isa = PBXFileReference; lastKnownFileType = text.plist.xml; path = Info.plist; sourceTree = "<group>"; };
		86CCF9ED1ADF7E3000D5EB22 /* MapCircleDrawWithPositionTests.m */ = {isa = PBXFileReference; lastKnownFileType = sourcecode.c.objc; path = MapCircleDrawWithPositionTests.m; sourceTree = "<group>"; };
		86CCF9FD1ADF7F6300D5EB22 /* DBMapSelectorGestureRecognizer.h */ = {isa = PBXFileReference; fileEncoding = 4; lastKnownFileType = sourcecode.c.h; path = DBMapSelectorGestureRecognizer.h; sourceTree = "<group>"; };
		86CCF9FE1ADF7F6300D5EB22 /* DBMapSelectorGestureRecognizer.m */ = {isa = PBXFileReference; fileEncoding = 4; lastKnownFileType = sourcecode.c.objc; path = DBMapSelectorGestureRecognizer.m; sourceTree = "<group>"; };
		86CCF9FF1ADF7F6300D5EB22 /* DBMapSelectorViewController.h */ = {isa = PBXFileReference; fileEncoding = 4; lastKnownFileType = sourcecode.c.h; path = DBMapSelectorViewController.h; sourceTree = "<group>"; };
		86CCFA001ADF7F6300D5EB22 /* DBMapSelectorViewController.m */ = {isa = PBXFileReference; fileEncoding = 4; lastKnownFileType = sourcecode.c.objc; path = DBMapSelectorViewController.m; sourceTree = "<group>"; };
		86CCFA051ADF7FB300D5EB22 /* DBMapSelectorAnnotation.h */ = {isa = PBXFileReference; fileEncoding = 4; lastKnownFileType = sourcecode.c.h; path = DBMapSelectorAnnotation.h; sourceTree = "<group>"; };
		86CCFA061ADF7FB300D5EB22 /* DBMapSelectorAnnotation.m */ = {isa = PBXFileReference; fileEncoding = 4; lastKnownFileType = sourcecode.c.objc; path = DBMapSelectorAnnotation.m; sourceTree = "<group>"; };
		86CCFA081ADF7FBE00D5EB22 /* DBMapSelectorOverlay.h */ = {isa = PBXFileReference; fileEncoding = 4; lastKnownFileType = sourcecode.c.h; path = DBMapSelectorOverlay.h; sourceTree = "<group>"; };
		86CCFA091ADF7FBE00D5EB22 /* DBMapSelectorOverlay.m */ = {isa = PBXFileReference; fileEncoding = 4; lastKnownFileType = sourcecode.c.objc; path = DBMapSelectorOverlay.m; sourceTree = "<group>"; };
		86CCFA0A1ADF7FBE00D5EB22 /* DBMapSelectorOverlayRenderer.h */ = {isa = PBXFileReference; fileEncoding = 4; lastKnownFileType = sourcecode.c.h; path = DBMapSelectorOverlayRenderer.h; sourceTree = "<group>"; };
		86CCFA0B1ADF7FBE00D5EB22 /* DBMapSelectorOverlayRenderer.m */ = {isa = PBXFileReference; fileEncoding = 4; lastKnownFileType = sourcecode.c.objc; path = DBMapSelectorOverlayRenderer.m; sourceTree = "<group>"; };
		86CCFA0E1ADF7FFD00D5EB22 /* CoreLocation.framework */ = {isa = PBXFileReference; lastKnownFileType = wrapper.framework; name = CoreLocation.framework; path = System/Library/Frameworks/CoreLocation.framework; sourceTree = SDKROOT; };
		86CCFA101ADF800600D5EB22 /* MapKit.framework */ = {isa = PBXFileReference; lastKnownFileType = wrapper.framework; name = MapKit.framework; path = System/Library/Frameworks/MapKit.framework; sourceTree = SDKROOT; };
/* End PBXFileReference section */

/* Begin PBXFrameworksBuildPhase section */
		86CCF9CB1ADF7E3000D5EB22 /* Frameworks */ = {
			isa = PBXFrameworksBuildPhase;
			buildActionMask = 2147483647;
			files = (
				86CCFA111ADF800600D5EB22 /* MapKit.framework in Frameworks */,
				86CCFA0F1ADF7FFD00D5EB22 /* CoreLocation.framework in Frameworks */,
			);
			runOnlyForDeploymentPostprocessing = 0;
		};
		86CCF9E41ADF7E3000D5EB22 /* Frameworks */ = {
			isa = PBXFrameworksBuildPhase;
			buildActionMask = 2147483647;
			files = (
			);
			runOnlyForDeploymentPostprocessing = 0;
		};
/* End PBXFrameworksBuildPhase section */

/* Begin PBXGroup section */
		86CCF9C51ADF7E3000D5EB22 = {
			isa = PBXGroup;
			children = (
				86CCF9D01ADF7E3000D5EB22 /* MapCircleDrawWithPosition */,
				86CCF9EA1ADF7E3000D5EB22 /* MapCircleDrawWithPositionTests */,
				86CCF9CF1ADF7E3000D5EB22 /* Products */,
			);
			sourceTree = "<group>";
		};
		86CCF9CF1ADF7E3000D5EB22 /* Products */ = {
			isa = PBXGroup;
			children = (
				86CCF9CE1ADF7E3000D5EB22 /* MapCircleDrawWithPosition.app */,
				86CCF9E71ADF7E3000D5EB22 /* MapCircleDrawWithPositionTests.xctest */,
			);
			name = Products;
			sourceTree = "<group>";
		};
		86CCF9D01ADF7E3000D5EB22 /* MapCircleDrawWithPosition */ = {
			isa = PBXGroup;
			children = (
				86CCF9F71ADF7E8800D5EB22 /* Classes */,
				86CCF9F91ADF7ED500D5EB22 /* DelegateClass */,
				86CCF9FC1ADF7F4800D5EB22 /* DBMapSelectorVC */,
				86CCF9FA1ADF7EF800D5EB22 /* Resources */,
				86CCF9FB1ADF7F2F00D5EB22 /* Framework */,
				86CCF9D11ADF7E3000D5EB22 /* Supporting Files */,
			);
			path = MapCircleDrawWithPosition;
			sourceTree = "<group>";
		};
		86CCF9D11ADF7E3000D5EB22 /* Supporting Files */ = {
			isa = PBXGroup;
			children = (
				86CCF9D21ADF7E3000D5EB22 /* Info.plist */,
				86CCF9D31ADF7E3000D5EB22 /* main.m */,
			);
			name = "Supporting Files";
			sourceTree = "<group>";
		};
		86CCF9EA1ADF7E3000D5EB22 /* MapCircleDrawWithPositionTests */ = {
			isa = PBXGroup;
			children = (
				86CCF9ED1ADF7E3000D5EB22 /* MapCircleDrawWithPositionTests.m */,
				86CCF9EB1ADF7E3000D5EB22 /* Supporting Files */,
			);
			path = MapCircleDrawWithPositionTests;
			sourceTree = "<group>";
		};
		86CCF9EB1ADF7E3000D5EB22 /* Supporting Files */ = {
			isa = PBXGroup;
			children = (
				86CCF9EC1ADF7E3000D5EB22 /* Info.plist */,
			);
			name = "Supporting Files";
			sourceTree = "<group>";
		};
		86CCF9F71ADF7E8800D5EB22 /* Classes */ = {
			isa = PBXGroup;
			children = (
				86CCF9D81ADF7E3000D5EB22 /* ViewController.h */,
				86CCF9D91ADF7E3000D5EB22 /* ViewController.m */,
				86CCF9DB1ADF7E3000D5EB22 /* Main.storyboard */,
			);
			name = Classes;
			path = ..;
			sourceTree = "<group>";
		};
		86CCF9F91ADF7ED500D5EB22 /* DelegateClass */ = {
			isa = PBXGroup;
			children = (
				86CCF9D51ADF7E3000D5EB22 /* AppDelegate.h */,
				86CCF9D61ADF7E3000D5EB22 /* AppDelegate.m */,
			);
			name = DelegateClass;
			sourceTree = "<group>";
		};
		86CCF9FA1ADF7EF800D5EB22 /* Resources */ = {
			isa = PBXGroup;
			children = (
				86CCF9DE1ADF7E3000D5EB22 /* Images.xcassets */,
				86CCF9E01ADF7E3000D5EB22 /* LaunchScreen.xib */,
			);
			name = Resources;
			sourceTree = "<group>";
		};
		86CCF9FB1ADF7F2F00D5EB22 /* Framework */ = {
			isa = PBXGroup;
			children = (
				86CCFA101ADF800600D5EB22 /* MapKit.framework */,
				86CCFA0E1ADF7FFD00D5EB22 /* CoreLocation.framework */,
			);
			name = Framework;
			sourceTree = "<group>";
		};
		86CCF9FC1ADF7F4800D5EB22 /* DBMapSelectorVC */ = {
			isa = PBXGroup;
			children = (
				86CCF9FD1ADF7F6300D5EB22 /* DBMapSelectorGestureRecognizer.h */,
				86CCF9FE1ADF7F6300D5EB22 /* DBMapSelectorGestureRecognizer.m */,
				86CCF9FF1ADF7F6300D5EB22 /* DBMapSelectorViewController.h */,
				86CCFA001ADF7F6300D5EB22 /* DBMapSelectorViewController.m */,
				86CCFA031ADF7F6E00D5EB22 /* DBMapSelectorAnnotation */,
				86CCFA041ADF7F8900D5EB22 /* DBMapSelectorOverlay */,
			);
			name = DBMapSelectorVC;
			sourceTree = "<group>";
		};
		86CCFA031ADF7F6E00D5EB22 /* DBMapSelectorAnnotation */ = {
			isa = PBXGroup;
			children = (
				86CCFA051ADF7FB300D5EB22 /* DBMapSelectorAnnotation.h */,
				86CCFA061ADF7FB300D5EB22 /* DBMapSelectorAnnotation.m */,
			);
			name = DBMapSelectorAnnotation;
			sourceTree = "<group>";
		};
		86CCFA041ADF7F8900D5EB22 /* DBMapSelectorOverlay */ = {
			isa = PBXGroup;
			children = (
				86CCFA081ADF7FBE00D5EB22 /* DBMapSelectorOverlay.h */,
				86CCFA091ADF7FBE00D5EB22 /* DBMapSelectorOverlay.m */,
				86CCFA0A1ADF7FBE00D5EB22 /* DBMapSelectorOverlayRenderer.h */,
				86CCFA0B1ADF7FBE00D5EB22 /* DBMapSelectorOverlayRenderer.m */,
			);
			name = DBMapSelectorOverlay;
			sourceTree = "<group>";
		};
/* End PBXGroup section */

/* Begin PBXNativeTarget section */
		86CCF9CD1ADF7E3000D5EB22 /* MapCircleDrawWithPosition */ = {
			isa = PBXNativeTarget;
			buildConfigurationList = 86CCF9F11ADF7E3000D5EB22 /* Build configuration list for PBXNativeTarget "MapCircleDrawWithPosition" */;
			buildPhases = (
				86CCF9CA1ADF7E3000D5EB22 /* Sources */,
				86CCF9CB1ADF7E3000D5EB22 /* Frameworks */,
				86CCF9CC1ADF7E3000D5EB22 /* Resources */,
			);
			buildRules = (
			);
			dependencies = (
			);
			name = MapCircleDrawWithPosition;
			productName = MapCircleDrawWithPosition;
			productReference = 86CCF9CE1ADF7E3000D5EB22 /* MapCircleDrawWithPosition.app */;
			productType = "com.apple.product-type.application";
		};
		86CCF9E61ADF7E3000D5EB22 /* MapCircleDrawWithPositionTests */ = {
			isa = PBXNativeTarget;
			buildConfigurationList = 86CCF9F41ADF7E3000D5EB22 /* Build configuration list for PBXNativeTarget "MapCircleDrawWithPositionTests" */;
			buildPhases = (
				86CCF9E31ADF7E3000D5EB22 /* Sources */,
				86CCF9E41ADF7E3000D5EB22 /* Frameworks */,
				86CCF9E51ADF7E3000D5EB22 /* Resources */,
			);
			buildRules = (
			);
			dependencies = (
				86CCF9E91ADF7E3000D5EB22 /* PBXTargetDependency */,
			);
			name = MapCircleDrawWithPositionTests;
			productName = MapCircleDrawWithPositionTests;
			productReference = 86CCF9E71ADF7E3000D5EB22 /* MapCircleDrawWithPositionTests.xctest */;
			productType = "com.apple.product-type.bundle.unit-test";
		};
/* End PBXNativeTarget section */

/* Begin PBXProject section */
		86CCF9C61ADF7E3000D5EB22 /* Project object */ = {
			isa = PBXProject;
			attributes = {
				LastUpgradeCheck = 0610;
				ORGANIZATIONNAME = APPBD;
				TargetAttributes = {
					86CCF9CD1ADF7E3000D5EB22 = {
						CreatedOnToolsVersion = 6.1.1;
					};
					86CCF9E61ADF7E3000D5EB22 = {
						CreatedOnToolsVersion = 6.1.1;
						TestTargetID = 86CCF9CD1ADF7E3000D5EB22;
					};
				};
			};
			buildConfigurationList = 86CCF9C91ADF7E3000D5EB22 /* Build configuration list for PBXProject "MapCircleDrawWithPosition" */;
			compatibilityVersion = "Xcode 3.2";
			developmentRegion = English;
			hasScannedForEncodings = 0;
			knownRegions = (
				en,
				Base,
			);
			mainGroup = 86CCF9C51ADF7E3000D5EB22;
			productRefGroup = 86CCF9CF1ADF7E3000D5EB22 /* Products */;
			projectDirPath = "";
			projectRoot = "";
			targets = (
				86CCF9CD1ADF7E3000D5EB22 /* MapCircleDrawWithPosition */,
				86CCF9E61ADF7E3000D5EB22 /* MapCircleDrawWithPositionTests */,
			);
		};
/* End PBXProject section */

/* Begin PBXResourcesBuildPhase section */
		86CCF9CC1ADF7E3000D5EB22 /* Resources */ = {
			isa = PBXResourcesBuildPhase;
			buildActionMask = 2147483647;
			files = (
				86CCF9DD1ADF7E3000D5EB22 /* Main.storyboard in Resources */,
				86CCF9E21ADF7E3000D5EB22 /* LaunchScreen.xib in Resources */,
				86CCF9DF1ADF7E3000D5EB22 /* Images.xcassets in Resources */,
			);
			runOnlyForDeploymentPostprocessing = 0;
		};
		86CCF9E51ADF7E3000D5EB22 /* Resources */ = {
			isa = PBXResourcesBuildPhase;
			buildActionMask = 2147483647;
			files = (
			);
			runOnlyForDeploymentPostprocessing = 0;
		};
/* End PBXResourcesBuildPhase section */

/* Begin PBXSourcesBuildPhase section */
		86CCF9CA1ADF7E3000D5EB22 /* Sources */ = {
			isa = PBXSourcesBuildPhase;
			buildActionMask = 2147483647;
			files = (
				86CCFA071ADF7FB300D5EB22 /* DBMapSelectorAnnotation.m in Sources */,
				86CCFA0C1ADF7FBE00D5EB22 /* DBMapSelectorOverlay.m in Sources */,
				86CCF9DA1ADF7E3000D5EB22 /* ViewController.m in Sources */,
				86CCF9D71ADF7E3000D5EB22 /* AppDelegate.m in Sources */,
				86CCFA011ADF7F6300D5EB22 /* DBMapSelectorGestureRecognizer.m in Sources */,
				86CCFA021ADF7F6300D5EB22 /* DBMapSelectorViewController.m in Sources */,
				86CCF9D41ADF7E3000D5EB22 /* main.m in Sources */,
				86CCFA0D1ADF7FBE00D5EB22 /* DBMapSelectorOverlayRenderer.m in Sources */,
			);
			runOnlyForDeploymentPostprocessing = 0;
		};
		86CCF9E31ADF7E3000D5EB22 /* Sources */ = {
			isa = PBXSourcesBuildPhase;
			buildActionMask = 2147483647;
			files = (
				86CCF9EE1ADF7E3000D5EB22 /* MapCircleDrawWithPositionTests.m in Sources */,
			);
			runOnlyForDeploymentPostprocessing = 0;
		};
/* End PBXSourcesBuildPhase section */

/* Begin PBXTargetDependency section */
		86CCF9E91ADF7E3000D5EB22 /* PBXTargetDependency */ = {
			isa = PBXTargetDependency;
			target = 86CCF9CD1ADF7E3000D5EB22 /* MapCircleDrawWithPosition */;
			targetProxy = 86CCF9E81ADF7E3000D5EB22 /* PBXContainerItemProxy */;
		};
/* End PBXTargetDependency section */

/* Begin PBXVariantGroup section */
		86CCF9DB1ADF7E3000D5EB22 /* Main.storyboard */ = {
			isa = PBXVariantGroup;
			children = (
				86CCF9DC1ADF7E3000D5EB22 /* Base */,
			);
			name = Main.storyboard;
			path = MapCircleDrawWithPosition;
			sourceTree = "<group>";
		};
		86CCF9E01ADF7E3000D5EB22 /* LaunchScreen.xib */ = {
			isa = PBXVariantGroup;
			children = (
				86CCF9E11ADF7E3000D5EB22 /* Base */,
			);
			name = LaunchScreen.xib;
			sourceTree = "<group>";
		};
/* End PBXVariantGroup section */

/* Begin XCBuildConfiguration section */
		86CCF9EF1ADF7E3000D5EB22 /* Debug */ = {
			isa = XCBuildConfiguration;
			buildSettings = {
				ALWAYS_SEARCH_USER_PATHS = NO;
				CLANG_CXX_LANGUAGE_STANDARD = "gnu++0x";
				CLANG_CXX_LIBRARY = "libc++";
				CLANG_ENABLE_MODULES = YES;
				CLANG_ENABLE_OBJC_ARC = YES;
				CLANG_WARN_BOOL_CONVERSION = YES;
				CLANG_WARN_CONSTANT_CONVERSION = YES;
				CLANG_WARN_DIRECT_OBJC_ISA_USAGE = YES_ERROR;
				CLANG_WARN_EMPTY_BODY = YES;
				CLANG_WARN_ENUM_CONVERSION = YES;
				CLANG_WARN_INT_CONVERSION = YES;
				CLANG_WARN_OBJC_ROOT_CLASS = YES_ERROR;
				CLANG_WARN_UNREACHABLE_CODE = YES;
				CLANG_WARN__DUPLICATE_METHOD_MATCH = YES;
				"CODE_SIGN_IDENTITY[sdk=iphoneos*]" = "iPhone Developer";
				COPY_PHASE_STRIP = NO;
				ENABLE_STRICT_OBJC_MSGSEND = YES;
				GCC_C_LANGUAGE_STANDARD = gnu99;
				GCC_DYNAMIC_NO_PIC = NO;
				GCC_OPTIMIZATION_LEVEL = 0;
				GCC_PREPROCESSOR_DEFINITIONS = (
					"DEBUG=1",
					"$(inherited)",
				);
				GCC_SYMBOLS_PRIVATE_EXTERN = NO;
				GCC_WARN_64_TO_32_BIT_CONVERSION = YES;
				GCC_WARN_ABOUT_RETURN_TYPE = YES_ERROR;
				GCC_WARN_UNDECLARED_SELECTOR = YES;
				GCC_WARN_UNINITIALIZED_AUTOS = YES_AGGRESSIVE;
				GCC_WARN_UNUSED_FUNCTION = YES;
				GCC_WARN_UNUSED_VARIABLE = YES;
				IPHONEOS_DEPLOYMENT_TARGET = 8.1;
				MTL_ENABLE_DEBUG_INFO = YES;
				ONLY_ACTIVE_ARCH = YES;
				SDKROOT = iphoneos;
				TARGETED_DEVICE_FAMILY = "1,2";
			};
			name = Debug;
		};
		86CCF9F01ADF7E3000D5EB22 /* Release */ = {
			isa = XCBuildConfiguration;
			buildSettings = {
				ALWAYS_SEARCH_USER_PATHS = NO;
				CLANG_CXX_LANGUAGE_STANDARD = "gnu++0x";
				CLANG_CXX_LIBRARY = "libc++";
				CLANG_ENABLE_MODULES = YES;
				CLANG_ENABLE_OBJC_ARC = YES;
				CLANG_WARN_BOOL_CONVERSION = YES;
				CLANG_WARN_CONSTANT_CONVERSION = YES;
				CLANG_WARN_DIRECT_OBJC_ISA_USAGE = YES_ERROR;
				CLANG_WARN_EMPTY_BODY = YES;
				CLANG_WARN_ENUM_CONVERSION = YES;
				CLANG_WARN_INT_CONVERSION = YES;
				CLANG_WARN_OBJC_ROOT_CLASS = YES_ERROR;
				CLANG_WARN_UNREACHABLE_CODE = YES;
				CLANG_WARN__DUPLICATE_METHOD_MATCH = YES;
				"CODE_SIGN_IDENTITY[sdk=iphoneos*]" = "iPhone Developer";
				COPY_PHASE_STRIP = YES;
				ENABLE_NS_ASSERTIONS = NO;
				ENABLE_STRICT_OBJC_MSGSEND = YES;
				GCC_C_LANGUAGE_STANDARD = gnu99;
				GCC_WARN_64_TO_32_BIT_CONVERSION = YES;
				GCC_WARN_ABOUT_RETURN_TYPE = YES_ERROR;
				GCC_WARN_UNDECLARED_SELECTOR = YES;
				GCC_WARN_UNINITIALIZED_AUTOS = YES_AGGRESSIVE;
				GCC_WARN_UNUSED_FUNCTION = YES;
				GCC_WARN_UNUSED_VARIABLE = YES;
				IPHONEOS_DEPLOYMENT_TARGET = 8.1;
				MTL_ENABLE_DEBUG_INFO = NO;
				SDKROOT = iphoneos;
				TARGETED_DEVICE_FAMILY = "1,2";
				VALIDATE_PRODUCT = YES;
			};
			name = Release;
		};
		86CCF9F21ADF7E3000D5EB22 /* Debug */ = {
			isa = XCBuildConfiguration;
			buildSettings = {
				ASSETCATALOG_COMPILER_APPICON_NAME = AppIcon;
				INFOPLIST_FILE = MapCircleDrawWithPosition/Info.plist;
				LD_RUNPATH_SEARCH_PATHS = "$(inherited) @executable_path/Frameworks";
				PRODUCT_NAME = "$(TARGET_NAME)";
			};
			name = Debug;
		};
		86CCF9F31ADF7E3000D5EB22 /* Release */ = {
			isa = XCBuildConfiguration;
			buildSettings = {
				ASSETCATALOG_COMPILER_APPICON_NAME = AppIcon;
				INFOPLIST_FILE = MapCircleDrawWithPosition/Info.plist;
				LD_RUNPATH_SEARCH_PATHS = "$(inherited) @executable_path/Frameworks";
				PRODUCT_NAME = "$(TARGET_NAME)";
			};
			name = Release;
		};
		86CCF9F51ADF7E3000D5EB22 /* Debug */ = {
			isa = XCBuildConfiguration;
			buildSettings = {
				BUNDLE_LOADER = "$(TEST_HOST)";
				FRAMEWORK_SEARCH_PATHS = (
					"$(SDKROOT)/Developer/Library/Frameworks",
					"$(inherited)",
				);
				GCC_PREPROCESSOR_DEFINITIONS = (
					"DEBUG=1",
					"$(inherited)",
				);
				INFOPLIST_FILE = MapCircleDrawWithPositionTests/Info.plist;
				LD_RUNPATH_SEARCH_PATHS = "$(inherited) @executable_path/Frameworks @loader_path/Frameworks";
				PRODUCT_NAME = "$(TARGET_NAME)";
				TEST_HOST = "$(BUILT_PRODUCTS_DIR)/MapCircleDrawWithPosition.app/MapCircleDrawWithPosition";
			};
			name = Debug;
		};
		86CCF9F61ADF7E3000D5EB22 /* Release */ = {
			isa = XCBuildConfiguration;
			buildSettings = {
				BUNDLE_LOADER = "$(TEST_HOST)";
				FRAMEWORK_SEARCH_PATHS = (
					"$(SDKROOT)/Developer/Library/Frameworks",
					"$(inherited)",
				);
				INFOPLIST_FILE = MapCircleDrawWithPositionTests/Info.plist;
				LD_RUNPATH_SEARCH_PATHS = "$(inherited) @executable_path/Frameworks @loader_path/Frameworks";
				PRODUCT_NAME = "$(TARGET_NAME)";
				TEST_HOST = "$(BUILT_PRODUCTS_DIR)/MapCircleDrawWithPosition.app/MapCircleDrawWithPosition";
			};
			name = Release;
		};
/* End XCBuildConfiguration section */

/* Begin XCConfigurationList section */
		86CCF9C91ADF7E3000D5EB22 /* Build configuration list for PBXProject "MapCircleDrawWithPosition" */ = {
			isa = XCConfigurationList;
			buildConfigurations = (
				86CCF9EF1ADF7E3000D5EB22 /* Debug */,
				86CCF9F01ADF7E3000D5EB22 /* Release */,
			);
			defaultConfigurationIsVisible = 0;
			defaultConfigurationName = Release;
		};
		86CCF9F11ADF7E3000D5EB22 /* Build configuration list for PBXNativeTarget "MapCircleDrawWithPosition" */ = {
			isa = XCConfigurationList;
			buildConfigurations = (
				86CCF9F21ADF7E3000D5EB22 /* Debug */,
				86CCF9F31ADF7E3000D5EB22 /* Release */,
			);
			defaultConfigurationIsVisible = 0;
		};
		86CCF9F41ADF7E3000D5EB22 /* Build configuration list for PBXNativeTarget "MapCircleDrawWithPositionTests" */ = {
			isa = XCConfigurationList;
			buildConfigurations = (
				86CCF9F51ADF7E3000D5EB22 /* Debug */,
				86CCF9F61ADF7E3000D5EB22 /* Release */,
			);
			defaultConfigurationIsVisible = 0;
		};
/* End XCConfigurationList section */
	};
	rootObject = 86CCF9C61ADF7E3000D5EB22 /* Project object */;
}
